{
  "name": "teasite",
  "version": "1.0.0",
  "lockfileVersion": 1,
  "requires": true,
  "dependencies": {
    "2kenizer": {
      "version": "0.1.6",
      "resolved": "https://registry.npmjs.org/2kenizer/-/2kenizer-0.1.6.tgz",
      "integrity": "sha1-pMxSY4lK7eyZVJOvdzX4eHL2s5A="
    },
    "@types/bootstrap": {
      "version": "4.3.1",
      "resolved": "https://registry.npmjs.org/@types/bootstrap/-/bootstrap-4.3.1.tgz",
      "integrity": "sha512-n7Zv7Y+C98Yv4oqbyqGn3alCvNRCya2xMYzOdVEnmnFlu04MXQk1ntVrBhXzDkiwhZZYNkNfBZn2yhTnEh/mHQ==",
      "requires": {
        "@types/jquery": "*",
        "popper.js": "^1.14.1"
      }
    },
    "@types/bootstrap-table": {
      "version": "1.11.5",
      "resolved": "https://registry.npmjs.org/@types/bootstrap-table/-/bootstrap-table-1.11.5.tgz",
      "integrity": "sha512-bJ9oAp7I5T5ig1XPBUMHDNgr55/Wfgr9IKJF1G7W73EUhLk+PZmMaTkw29nDHnCQqEfjJhs+mk/u0ujTZa2Upg==",
      "requires": {
        "@types/jquery": "*"
      }
    },
    "@types/jquery": {
      "version": "3.3.31",
      "resolved": "https://registry.npmjs.org/@types/jquery/-/jquery-3.3.31.tgz",
      "integrity": "sha512-Lz4BAJihoFw5nRzKvg4nawXPzutkv7wmfQ5121avptaSIXlDNJCUuxZxX/G+9EVidZGuO0UBlk+YjKbwRKJigg==",
      "requires": {
        "@types/sizzle": "*"
      }
    },
    "@types/knockout": {
      "version": "3.4.58",
      "resolved": "https://registry.npmjs.org/@types/knockout/-/knockout-3.4.58.tgz",
      "integrity": "sha512-+0YFEFXgfxqEq5iD68maAQHrR5OOYSRDDS+Hs8r5kCQ6Dd+H6o2Y+zKZPq1Ojm8kQ8JchvoU38TuAG7CvlH1IA=="
    },
    "@types/sizzle": {
      "version": "2.3.2",
      "resolved": "https://registry.npmjs.org/@types/sizzle/-/sizzle-2.3.2.tgz",
      "integrity": "sha512-7EJYyKTL7tFR8+gDbB6Wwz/arpGa0Mywk1TJbNzKzHtzbwVmY4HR9WqS5VV7dsBUKQmPNr192jHr/VpBluj/hg=="
    },
    "bootstrap": {
      "version": "4.3.1",
      "resolved": "https://registry.npmjs.org/bootstrap/-/bootstrap-4.3.1.tgz",
      "integrity": "sha512-rXqOmH1VilAt2DyPzluTi2blhk17bO7ef+zLLPlWvG494pDxcM234pJ8wTc/6R40UWizAIIMgxjvxZg5kmsbag=="
    },
    "bootstrap-table": {
      "version": "1.15.4",
      "resolved": "https://registry.npmjs.org/bootstrap-table/-/bootstrap-table-1.15.4.tgz",
      "integrity": "sha512-hGp0480hLFQrqilnITEdJDhdes8zNwptQ7688osKhd1itCkRLrYbIIBFZ3eUanfS7oXxxmarN4krEqDLkrAw8Q=="
    },
    "jquery": {
      "version": "3.4.1",
      "resolved": "https://registry.npmjs.org/jquery/-/jquery-3.4.1.tgz",
      "integrity": "sha512-36+AdBzCL+y6qjw5Tx7HgzeGCzC81MDDgaUP8ld2zhx58HdqXGoBd+tHdrBMiyjGQs0Hxs/MLZTu/eHNJJuWPw=="
    },
    "knockout": {
      "version": "3.4.2",
      "resolved": "https://registry.npmjs.org/knockout/-/knockout-3.4.2.tgz",
      "integrity": "sha1-6HlY3netHpNvfOZFuri118RW2Tc="
    },
    "php": {
      "version": "0.0.1",
      "resolved": "https://registry.npmjs.org/php/-/php-0.0.1.tgz",
      "integrity": "sha1-34jsnHrdkUaxV43RjrMPuSnLwsw=",
      "requires": {
        "2kenizer": "*",
        "sjs": "*"
      }
    },
    "popper.js": {
      "version": "1.15.0",
      "resolved": "https://registry.npmjs.org/popper.js/-/popper.js-1.15.0.tgz",
      "integrity": "sha512-w010cY1oCUmI+9KwwlWki+r5jxKfTFDVoadl7MSrIujHU5MJ5OR6HTDj6Xo8aoR/QsA56x8jKjA59qGH4ELtrA=="
    },
    "sjs": {
      "version": "0.0.3",
      "resolved": "https://registry.npmjs.org/sjs/-/sjs-0.0.3.tgz",
      "integrity": "sha1-OMsQHPvle39qrucAYtW1n4+bAnM=",
      "requires": {
        "2kenizer": "*"
      }
    }
  }
}
